
Microsoft Visual Studio Solution File, Format Version 12.00
# Visual Studio 2012
Project("{FAE04EC0-301F-11D3-BF4B-00C04F79EFBC}") = "provaquestao1", "provaquestao1\provaquestao1.csproj", "{39436E6C-98F5-4A37-A739-284D6A900DF1}"
EndProject
Project("{FAE04EC0-301F-11D3-BF4B-00C04F79EFBC}") = "questao2", "questao2\questao2.csproj", "{72A77752-2FF3-4E57-A2A0-41FB6070C65D}"
EndProject
Global
	GlobalSection(SolutionConfigurationPlatforms) = preSolution
		Debug|Any CPU = Debug|Any CPU
		Release|Any CPU = Release|Any CPU
	EndGlobalSection
	GlobalSection(ProjectConfigurationPlatforms) = postSolution
		{39436E6C-98F5-4A37-A739-284D6A900DF1}.Debug|Any CPU.ActiveCfg = Debug|Any CPU
		{39436E6C-98F5-4A37-A739-284D6A900DF1}.Debug|Any CPU.Build.0 = Debug|Any CPU
		{39436E6C-98F5-4A37-A739-284D6A900DF1}.Release|Any CPU.ActiveCfg = Release|Any CPU
		{39436E6C-98F5-4A37-A739-284D6A900DF1}.Release|Any CPU.Build.0 = Release|Any CPU
		{72A77752-2FF3-4E57-A2A0-41FB6070C65D}.Debug|Any CPU.ActiveCfg = Debug|Any CPU
		{72A77752-2FF3-4E57-A2A0-41FB6070C65D}.Debug|Any CPU.Build.0 = Debug|Any CPU
		{72A77752-2FF3-4E57-A2A0-41FB6070C65D}.Release|Any CPU.ActiveCfg = Release|Any CPU
		{72A77752-2FF3-4E57-A2A0-41FB6070C65D}.Release|Any CPU.Build.0 = Release|Any CPU
	EndGlobalSection
	GlobalSection(SolutionProperties) = preSolution
		HideSolutionNode = FALSE
	EndGlobalSection
EndGlobal
