
Microsoft Visual Studio Solution File, Format Version 12.00
# Visual Studio 2012
Project("{FAE04EC0-301F-11D3-BF4B-00C04F79EFBC}") = "Area do triangulo", "Area do triangulo\Area do triangulo.csproj", "{CBD38A7B-E1B0-49FC-9766-BFE95DB33243}"
EndProject
Global
	GlobalSection(SolutionConfigurationPlatforms) = preSolution
		Debug|Any CPU = Debug|Any CPU
		Release|Any CPU = Release|Any CPU
	EndGlobalSection
	GlobalSection(ProjectConfigurationPlatforms) = postSolution
		{CBD38A7B-E1B0-49FC-9766-BFE95DB33243}.Debug|Any CPU.ActiveCfg = Debug|Any CPU
		{CBD38A7B-E1B0-49FC-9766-BFE95DB33243}.Debug|Any CPU.Build.0 = Debug|Any CPU
		{CBD38A7B-E1B0-49FC-9766-BFE95DB33243}.Release|Any CPU.ActiveCfg = Release|Any CPU
		{CBD38A7B-E1B0-49FC-9766-BFE95DB33243}.Release|Any CPU.Build.0 = Release|Any CPU
	EndGlobalSection
	GlobalSection(SolutionProperties) = preSolution
		HideSolutionNode = FALSE
	EndGlobalSection
EndGlobal
