
Microsoft Visual Studio Solution File, Format Version 12.00
# Visual Studio Express 2012 for Windows Desktop
Project("{FAE04EC0-301F-11D3-BF4B-00C04F79EFBC}") = "Ex01", "Ex01\Ex01.csproj", "{75C7E182-D943-43EA-8985-95C5B92F3A00}"
EndProject
Project("{FAE04EC0-301F-11D3-BF4B-00C04F79EFBC}") = "Ex02", "Ex02\Ex02.csproj", "{C5492A29-01FA-44C2-85C4-CDBCB0ABF7D8}"
EndProject
Global
	GlobalSection(SolutionConfigurationPlatforms) = preSolution
		Debug|Any CPU = Debug|Any CPU
		Release|Any CPU = Release|Any CPU
	EndGlobalSection
	GlobalSection(ProjectConfigurationPlatforms) = postSolution
		{75C7E182-D943-43EA-8985-95C5B92F3A00}.Debug|Any CPU.ActiveCfg = Debug|Any CPU
		{75C7E182-D943-43EA-8985-95C5B92F3A00}.Debug|Any CPU.Build.0 = Debug|Any CPU
		{75C7E182-D943-43EA-8985-95C5B92F3A00}.Release|Any CPU.ActiveCfg = Release|Any CPU
		{75C7E182-D943-43EA-8985-95C5B92F3A00}.Release|Any CPU.Build.0 = Release|Any CPU
		{C5492A29-01FA-44C2-85C4-CDBCB0ABF7D8}.Debug|Any CPU.ActiveCfg = Debug|Any CPU
		{C5492A29-01FA-44C2-85C4-CDBCB0ABF7D8}.Debug|Any CPU.Build.0 = Debug|Any CPU
		{C5492A29-01FA-44C2-85C4-CDBCB0ABF7D8}.Release|Any CPU.ActiveCfg = Release|Any CPU
		{C5492A29-01FA-44C2-85C4-CDBCB0ABF7D8}.Release|Any CPU.Build.0 = Release|Any CPU
	EndGlobalSection
	GlobalSection(SolutionProperties) = preSolution
		HideSolutionNode = FALSE
	EndGlobalSection
EndGlobal
