
Microsoft Visual Studio Solution File, Format Version 12.00
# Visual Studio 2012
Project("{FAE04EC0-301F-11D3-BF4B-00C04F79EFBC}") = "lista1exercicio1", "lista1exercicio1\lista1exercicio1.csproj", "{66DDE97F-6FE4-4F6F-8478-BAB4118AC264}"
EndProject
Global
	GlobalSection(SolutionConfigurationPlatforms) = preSolution
		Debug|Any CPU = Debug|Any CPU
		Release|Any CPU = Release|Any CPU
	EndGlobalSection
	GlobalSection(ProjectConfigurationPlatforms) = postSolution
		{66DDE97F-6FE4-4F6F-8478-BAB4118AC264}.Debug|Any CPU.ActiveCfg = Debug|Any CPU
		{66DDE97F-6FE4-4F6F-8478-BAB4118AC264}.Debug|Any CPU.Build.0 = Debug|Any CPU
		{66DDE97F-6FE4-4F6F-8478-BAB4118AC264}.Release|Any CPU.ActiveCfg = Release|Any CPU
		{66DDE97F-6FE4-4F6F-8478-BAB4118AC264}.Release|Any CPU.Build.0 = Release|Any CPU
	EndGlobalSection
	GlobalSection(SolutionProperties) = preSolution
		HideSolutionNode = FALSE
	EndGlobalSection
EndGlobal
